
Microsoft Visual Studio Solution File, Format Version 12.00
# Visual Studio Version 16
VisualStudioVersion = 16.0.30907.101
MinimumVisualStudioVersion = 10.0.40219.1
Project("{9A19103F-16F7-4668-BE54-9A1E7A4F7556}") = "Entities", "Entities\Entities.csproj", "{168189CA-13E1-4FFB-8A0B-5D5F3B5F684F}"
EndProject
Project("{9A19103F-16F7-4668-BE54-9A1E7A4F7556}") = "DataAccess", "DataAccess\DataAccess.csproj", "{83FE1F6C-5800-4465-BDF4-43706CA7384B}"
EndProject
Project("{9A19103F-16F7-4668-BE54-9A1E7A4F7556}") = "Business", "Business\Business.csproj", "{6FF838F5-78F4-48E8-9C7C-A741DAD745A8}"
EndProject
Project("{9A19103F-16F7-4668-BE54-9A1E7A4F7556}") = "Core", "Core\Core.csproj", "{2B6F3B44-7741-4D70-857F-22380D82DFED}"
EndProject
Project("{9A19103F-16F7-4668-BE54-9A1E7A4F7556}") = "ConsoleUI", "ConsoleUI\ConsoleUI.csproj", "{E8533B0B-1CB4-47CF-B2D4-032C1A5DC363}"
EndProject
Project("{9A19103F-16F7-4668-BE54-9A1E7A4F7556}") = "WebAPI", "WebAPI\WebAPI.csproj", "{4801E884-C3FB-4A48-B889-306629593121}"
EndProject
Project("{2150E333-8FDC-42A3-9474-1A3956D46DE8}") = "Images", "Images", "{E69A942E-D961-4E1A-AB3C-EA365D59D898}"
EndProject
Global
	GlobalSection(SolutionConfigurationPlatforms) = preSolution
		Debug|Any CPU = Debug|Any CPU
		Release|Any CPU = Release|Any CPU
	EndGlobalSection
	GlobalSection(ProjectConfigurationPlatforms) = postSolution
		{168189CA-13E1-4FFB-8A0B-5D5F3B5F684F}.Debug|Any CPU.ActiveCfg = Debug|Any CPU
		{168189CA-13E1-4FFB-8A0B-5D5F3B5F684F}.Debug|Any CPU.Build.0 = Debug|Any CPU
		{168189CA-13E1-4FFB-8A0B-5D5F3B5F684F}.Release|Any CPU.ActiveCfg = Release|Any CPU
		{168189CA-13E1-4FFB-8A0B-5D5F3B5F684F}.Release|Any CPU.Build.0 = Release|Any CPU
		{83FE1F6C-5800-4465-BDF4-43706CA7384B}.Debug|Any CPU.ActiveCfg = Debug|Any CPU
		{83FE1F6C-5800-4465-BDF4-43706CA7384B}.Debug|Any CPU.Build.0 = Debug|Any CPU
		{83FE1F6C-5800-4465-BDF4-43706CA7384B}.Release|Any CPU.ActiveCfg = Release|Any CPU
		{83FE1F6C-5800-4465-BDF4-43706CA7384B}.Release|Any CPU.Build.0 = Release|Any CPU
		{6FF838F5-78F4-48E8-9C7C-A741DAD745A8}.Debug|Any CPU.ActiveCfg = Debug|Any CPU
		{6FF838F5-78F4-48E8-9C7C-A741DAD745A8}.Debug|Any CPU.Build.0 = Debug|Any CPU
		{6FF838F5-78F4-48E8-9C7C-A741DAD745A8}.Release|Any CPU.ActiveCfg = Release|Any CPU
		{6FF838F5-78F4-48E8-9C7C-A741DAD745A8}.Release|Any CPU.Build.0 = Release|Any CPU
		{2B6F3B44-7741-4D70-857F-22380D82DFED}.Debug|Any CPU.ActiveCfg = Debug|Any CPU
		{2B6F3B44-7741-4D70-857F-22380D82DFED}.Debug|Any CPU.Build.0 = Debug|Any CPU
		{2B6F3B44-7741-4D70-857F-22380D82DFED}.Release|Any CPU.ActiveCfg = Release|Any CPU
		{2B6F3B44-7741-4D70-857F-22380D82DFED}.Release|Any CPU.Build.0 = Release|Any CPU
		{E8533B0B-1CB4-47CF-B2D4-032C1A5DC363}.Debug|Any CPU.ActiveCfg = Debug|Any CPU
		{E8533B0B-1CB4-47CF-B2D4-032C1A5DC363}.Debug|Any CPU.Build.0 = Debug|Any CPU
		{E8533B0B-1CB4-47CF-B2D4-032C1A5DC363}.Release|Any CPU.ActiveCfg = Release|Any CPU
		{E8533B0B-1CB4-47CF-B2D4-032C1A5DC363}.Release|Any CPU.Build.0 = Release|Any CPU
		{4801E884-C3FB-4A48-B889-306629593121}.Debug|Any CPU.ActiveCfg = Debug|Any CPU
		{4801E884-C3FB-4A48-B889-306629593121}.Debug|Any CPU.Build.0 = Debug|Any CPU
		{4801E884-C3FB-4A48-B889-306629593121}.Release|Any CPU.ActiveCfg = Release|Any CPU
		{4801E884-C3FB-4A48-B889-306629593121}.Release|Any CPU.Build.0 = Release|Any CPU
	EndGlobalSection
	GlobalSection(SolutionProperties) = preSolution
		HideSolutionNode = FALSE
	EndGlobalSection
	GlobalSection(ExtensibilityGlobals) = postSolution
		SolutionGuid = {077BFA67-BCCC-42E2-994A-C62F671DDC37}
	EndGlobalSection
EndGlobal
